
Microsoft Visual Studio Solution File, Format Version 12.00
# Visual Studio Version 17
VisualStudioVersion = 17.0.31903.59
MinimumVisualStudioVersion = 10.0.40219.1
Project("{FAE04EC0-301F-11D3-BF4B-00C04F79EFBC}") = "Intrucao_If", "Intrucao_If\Intrucao_If.csproj", "{D8B51959-52DA-4A6F-951E-1310D900FB6B}"
EndProject
Project("{FAE04EC0-301F-11D3-BF4B-00C04F79EFBC}") = "Instrucao_If_Else", "Instrucao_If_Else\Instrucao_If_Else.csproj", "{4C0BFEDD-D9E7-4602-A50E-0B16D945CC6C}"
EndProject
Project("{FAE04EC0-301F-11D3-BF4B-00C04F79EFBC}") = "Intrucao_If_Else", "Intrucao_If_Else\Intrucao_If_Else.csproj", "{73942B17-4CFD-409B-ACE1-740F98B3FD31}"
EndProject
Project("{FAE04EC0-301F-11D3-BF4B-00C04F79EFBC}") = "Intrucao_Else_If_If", "Intrucao_Else_If_If\Intrucao_Else_If_If.csproj", "{169ECD51-939D-4517-AFF5-E50DD5D9E7E9}"
EndProject
Project("{FAE04EC0-301F-11D3-BF4B-00C04F79EFBC}") = "Instrucao_Switch_Case", "Instrucao_Switch_Case\Instrucao_Switch_Case.csproj", "{A10B4F5C-EB98-40DE-90F2-E99242D55F54}"
EndProject
Project("{FAE04EC0-301F-11D3-BF4B-00C04F79EFBC}") = "Estruturua_De_Repeticao", "Estruturua_De_Repeticao\Estruturua_De_Repeticao.csproj", "{DBBF2ACA-4274-4ACC-94B5-D61E03BB04DC}"
EndProject
Project("{FAE04EC0-301F-11D3-BF4B-00C04F79EFBC}") = "Instrucao_While", "Instrucao_While\Instrucao_While.csproj", "{759367BA-6014-4AF9-8BB2-8CB456875316}"
EndProject
Project("{FAE04EC0-301F-11D3-BF4B-00C04F79EFBC}") = "Loop_Do_While", "Loop_Do_While\Loop_Do_While.csproj", "{F386742E-D977-4418-AE45-E548DDA64485}"
EndProject
Project("{FAE04EC0-301F-11D3-BF4B-00C04F79EFBC}") = "Instrucao_For_1", "Instrucao_For_1\Instrucao_For_1.csproj", "{6693BE87-EB52-491A-ADAC-1FCAE3C8C8BA}"
EndProject
Project("{FAE04EC0-301F-11D3-BF4B-00C04F79EFBC}") = "Instrucao_For_2", "Instrucao_For_2\Instrucao_For_2.csproj", "{1E3E1363-439C-4B35-BE82-64F694B9A30F}"
EndProject
Project("{FAE04EC0-301F-11D3-BF4B-00C04F79EFBC}") = "Break_Continue", "Break_Continue\Break_Continue.csproj", "{F5B2FA2A-779F-41BA-A79E-C35A4183229B}"
EndProject
Project("{FAE04EC0-301F-11D3-BF4B-00C04F79EFBC}") = "Exercio_Aula_3", "Exercio_Aula_3\Exercio_Aula_3.csproj", "{CCA1863B-7D64-41E0-A899-E0880B4EE4ED}"
EndProject
Global
	GlobalSection(SolutionConfigurationPlatforms) = preSolution
		Debug|Any CPU = Debug|Any CPU
		Debug|x64 = Debug|x64
		Debug|x86 = Debug|x86
		Release|Any CPU = Release|Any CPU
		Release|x64 = Release|x64
		Release|x86 = Release|x86
	EndGlobalSection
	GlobalSection(ProjectConfigurationPlatforms) = postSolution
		{D8B51959-52DA-4A6F-951E-1310D900FB6B}.Debug|Any CPU.ActiveCfg = Debug|Any CPU
		{D8B51959-52DA-4A6F-951E-1310D900FB6B}.Debug|Any CPU.Build.0 = Debug|Any CPU
		{D8B51959-52DA-4A6F-951E-1310D900FB6B}.Debug|x64.ActiveCfg = Debug|Any CPU
		{D8B51959-52DA-4A6F-951E-1310D900FB6B}.Debug|x64.Build.0 = Debug|Any CPU
		{D8B51959-52DA-4A6F-951E-1310D900FB6B}.Debug|x86.ActiveCfg = Debug|Any CPU
		{D8B51959-52DA-4A6F-951E-1310D900FB6B}.Debug|x86.Build.0 = Debug|Any CPU
		{D8B51959-52DA-4A6F-951E-1310D900FB6B}.Release|Any CPU.ActiveCfg = Release|Any CPU
		{D8B51959-52DA-4A6F-951E-1310D900FB6B}.Release|Any CPU.Build.0 = Release|Any CPU
		{D8B51959-52DA-4A6F-951E-1310D900FB6B}.Release|x64.ActiveCfg = Release|Any CPU
		{D8B51959-52DA-4A6F-951E-1310D900FB6B}.Release|x64.Build.0 = Release|Any CPU
		{D8B51959-52DA-4A6F-951E-1310D900FB6B}.Release|x86.ActiveCfg = Release|Any CPU
		{D8B51959-52DA-4A6F-951E-1310D900FB6B}.Release|x86.Build.0 = Release|Any CPU
		{4C0BFEDD-D9E7-4602-A50E-0B16D945CC6C}.Debug|Any CPU.ActiveCfg = Debug|Any CPU
		{4C0BFEDD-D9E7-4602-A50E-0B16D945CC6C}.Debug|Any CPU.Build.0 = Debug|Any CPU
		{4C0BFEDD-D9E7-4602-A50E-0B16D945CC6C}.Debug|x64.ActiveCfg = Debug|Any CPU
		{4C0BFEDD-D9E7-4602-A50E-0B16D945CC6C}.Debug|x64.Build.0 = Debug|Any CPU
		{4C0BFEDD-D9E7-4602-A50E-0B16D945CC6C}.Debug|x86.ActiveCfg = Debug|Any CPU
		{4C0BFEDD-D9E7-4602-A50E-0B16D945CC6C}.Debug|x86.Build.0 = Debug|Any CPU
		{4C0BFEDD-D9E7-4602-A50E-0B16D945CC6C}.Release|Any CPU.ActiveCfg = Release|Any CPU
		{4C0BFEDD-D9E7-4602-A50E-0B16D945CC6C}.Release|Any CPU.Build.0 = Release|Any CPU
		{4C0BFEDD-D9E7-4602-A50E-0B16D945CC6C}.Release|x64.ActiveCfg = Release|Any CPU
		{4C0BFEDD-D9E7-4602-A50E-0B16D945CC6C}.Release|x64.Build.0 = Release|Any CPU
		{4C0BFEDD-D9E7-4602-A50E-0B16D945CC6C}.Release|x86.ActiveCfg = Release|Any CPU
		{4C0BFEDD-D9E7-4602-A50E-0B16D945CC6C}.Release|x86.Build.0 = Release|Any CPU
		{73942B17-4CFD-409B-ACE1-740F98B3FD31}.Debug|Any CPU.ActiveCfg = Debug|Any CPU
		{73942B17-4CFD-409B-ACE1-740F98B3FD31}.Debug|Any CPU.Build.0 = Debug|Any CPU
		{73942B17-4CFD-409B-ACE1-740F98B3FD31}.Debug|x64.ActiveCfg = Debug|Any CPU
		{73942B17-4CFD-409B-ACE1-740F98B3FD31}.Debug|x64.Build.0 = Debug|Any CPU
		{73942B17-4CFD-409B-ACE1-740F98B3FD31}.Debug|x86.ActiveCfg = Debug|Any CPU
		{73942B17-4CFD-409B-ACE1-740F98B3FD31}.Debug|x86.Build.0 = Debug|Any CPU
		{73942B17-4CFD-409B-ACE1-740F98B3FD31}.Release|Any CPU.ActiveCfg = Release|Any CPU
		{73942B17-4CFD-409B-ACE1-740F98B3FD31}.Release|Any CPU.Build.0 = Release|Any CPU
		{73942B17-4CFD-409B-ACE1-740F98B3FD31}.Release|x64.ActiveCfg = Release|Any CPU
		{73942B17-4CFD-409B-ACE1-740F98B3FD31}.Release|x64.Build.0 = Release|Any CPU
		{73942B17-4CFD-409B-ACE1-740F98B3FD31}.Release|x86.ActiveCfg = Release|Any CPU
		{73942B17-4CFD-409B-ACE1-740F98B3FD31}.Release|x86.Build.0 = Release|Any CPU
		{169ECD51-939D-4517-AFF5-E50DD5D9E7E9}.Debug|Any CPU.ActiveCfg = Debug|Any CPU
		{169ECD51-939D-4517-AFF5-E50DD5D9E7E9}.Debug|Any CPU.Build.0 = Debug|Any CPU
		{169ECD51-939D-4517-AFF5-E50DD5D9E7E9}.Debug|x64.ActiveCfg = Debug|Any CPU
		{169ECD51-939D-4517-AFF5-E50DD5D9E7E9}.Debug|x64.Build.0 = Debug|Any CPU
		{169ECD51-939D-4517-AFF5-E50DD5D9E7E9}.Debug|x86.ActiveCfg = Debug|Any CPU
		{169ECD51-939D-4517-AFF5-E50DD5D9E7E9}.Debug|x86.Build.0 = Debug|Any CPU
		{169ECD51-939D-4517-AFF5-E50DD5D9E7E9}.Release|Any CPU.ActiveCfg = Release|Any CPU
		{169ECD51-939D-4517-AFF5-E50DD5D9E7E9}.Release|Any CPU.Build.0 = Release|Any CPU
		{169ECD51-939D-4517-AFF5-E50DD5D9E7E9}.Release|x64.ActiveCfg = Release|Any CPU
		{169ECD51-939D-4517-AFF5-E50DD5D9E7E9}.Release|x64.Build.0 = Release|Any CPU
		{169ECD51-939D-4517-AFF5-E50DD5D9E7E9}.Release|x86.ActiveCfg = Release|Any CPU
		{169ECD51-939D-4517-AFF5-E50DD5D9E7E9}.Release|x86.Build.0 = Release|Any CPU
		{A10B4F5C-EB98-40DE-90F2-E99242D55F54}.Debug|Any CPU.ActiveCfg = Debug|Any CPU
		{A10B4F5C-EB98-40DE-90F2-E99242D55F54}.Debug|Any CPU.Build.0 = Debug|Any CPU
		{A10B4F5C-EB98-40DE-90F2-E99242D55F54}.Debug|x64.ActiveCfg = Debug|Any CPU
		{A10B4F5C-EB98-40DE-90F2-E99242D55F54}.Debug|x64.Build.0 = Debug|Any CPU
		{A10B4F5C-EB98-40DE-90F2-E99242D55F54}.Debug|x86.ActiveCfg = Debug|Any CPU
		{A10B4F5C-EB98-40DE-90F2-E99242D55F54}.Debug|x86.Build.0 = Debug|Any CPU
		{A10B4F5C-EB98-40DE-90F2-E99242D55F54}.Release|Any CPU.ActiveCfg = Release|Any CPU
		{A10B4F5C-EB98-40DE-90F2-E99242D55F54}.Release|Any CPU.Build.0 = Release|Any CPU
		{A10B4F5C-EB98-40DE-90F2-E99242D55F54}.Release|x64.ActiveCfg = Release|Any CPU
		{A10B4F5C-EB98-40DE-90F2-E99242D55F54}.Release|x64.Build.0 = Release|Any CPU
		{A10B4F5C-EB98-40DE-90F2-E99242D55F54}.Release|x86.ActiveCfg = Release|Any CPU
		{A10B4F5C-EB98-40DE-90F2-E99242D55F54}.Release|x86.Build.0 = Release|Any CPU
		{DBBF2ACA-4274-4ACC-94B5-D61E03BB04DC}.Debug|Any CPU.ActiveCfg = Debug|Any CPU
		{DBBF2ACA-4274-4ACC-94B5-D61E03BB04DC}.Debug|Any CPU.Build.0 = Debug|Any CPU
		{DBBF2ACA-4274-4ACC-94B5-D61E03BB04DC}.Debug|x64.ActiveCfg = Debug|Any CPU
		{DBBF2ACA-4274-4ACC-94B5-D61E03BB04DC}.Debug|x64.Build.0 = Debug|Any CPU
		{DBBF2ACA-4274-4ACC-94B5-D61E03BB04DC}.Debug|x86.ActiveCfg = Debug|Any CPU
		{DBBF2ACA-4274-4ACC-94B5-D61E03BB04DC}.Debug|x86.Build.0 = Debug|Any CPU
		{DBBF2ACA-4274-4ACC-94B5-D61E03BB04DC}.Release|Any CPU.ActiveCfg = Release|Any CPU
		{DBBF2ACA-4274-4ACC-94B5-D61E03BB04DC}.Release|Any CPU.Build.0 = Release|Any CPU
		{DBBF2ACA-4274-4ACC-94B5-D61E03BB04DC}.Release|x64.ActiveCfg = Release|Any CPU
		{DBBF2ACA-4274-4ACC-94B5-D61E03BB04DC}.Release|x64.Build.0 = Release|Any CPU
		{DBBF2ACA-4274-4ACC-94B5-D61E03BB04DC}.Release|x86.ActiveCfg = Release|Any CPU
		{DBBF2ACA-4274-4ACC-94B5-D61E03BB04DC}.Release|x86.Build.0 = Release|Any CPU
		{759367BA-6014-4AF9-8BB2-8CB456875316}.Debug|Any CPU.ActiveCfg = Debug|Any CPU
		{759367BA-6014-4AF9-8BB2-8CB456875316}.Debug|Any CPU.Build.0 = Debug|Any CPU
		{759367BA-6014-4AF9-8BB2-8CB456875316}.Debug|x64.ActiveCfg = Debug|Any CPU
		{759367BA-6014-4AF9-8BB2-8CB456875316}.Debug|x64.Build.0 = Debug|Any CPU
		{759367BA-6014-4AF9-8BB2-8CB456875316}.Debug|x86.ActiveCfg = Debug|Any CPU
		{759367BA-6014-4AF9-8BB2-8CB456875316}.Debug|x86.Build.0 = Debug|Any CPU
		{759367BA-6014-4AF9-8BB2-8CB456875316}.Release|Any CPU.ActiveCfg = Release|Any CPU
		{759367BA-6014-4AF9-8BB2-8CB456875316}.Release|Any CPU.Build.0 = Release|Any CPU
		{759367BA-6014-4AF9-8BB2-8CB456875316}.Release|x64.ActiveCfg = Release|Any CPU
		{759367BA-6014-4AF9-8BB2-8CB456875316}.Release|x64.Build.0 = Release|Any CPU
		{759367BA-6014-4AF9-8BB2-8CB456875316}.Release|x86.ActiveCfg = Release|Any CPU
		{759367BA-6014-4AF9-8BB2-8CB456875316}.Release|x86.Build.0 = Release|Any CPU
		{F386742E-D977-4418-AE45-E548DDA64485}.Debug|Any CPU.ActiveCfg = Debug|Any CPU
		{F386742E-D977-4418-AE45-E548DDA64485}.Debug|Any CPU.Build.0 = Debug|Any CPU
		{F386742E-D977-4418-AE45-E548DDA64485}.Debug|x64.ActiveCfg = Debug|Any CPU
		{F386742E-D977-4418-AE45-E548DDA64485}.Debug|x64.Build.0 = Debug|Any CPU
		{F386742E-D977-4418-AE45-E548DDA64485}.Debug|x86.ActiveCfg = Debug|Any CPU
		{F386742E-D977-4418-AE45-E548DDA64485}.Debug|x86.Build.0 = Debug|Any CPU
		{F386742E-D977-4418-AE45-E548DDA64485}.Release|Any CPU.ActiveCfg = Release|Any CPU
		{F386742E-D977-4418-AE45-E548DDA64485}.Release|Any CPU.Build.0 = Release|Any CPU
		{F386742E-D977-4418-AE45-E548DDA64485}.Release|x64.ActiveCfg = Release|Any CPU
		{F386742E-D977-4418-AE45-E548DDA64485}.Release|x64.Build.0 = Release|Any CPU
		{F386742E-D977-4418-AE45-E548DDA64485}.Release|x86.ActiveCfg = Release|Any CPU
		{F386742E-D977-4418-AE45-E548DDA64485}.Release|x86.Build.0 = Release|Any CPU
		{6693BE87-EB52-491A-ADAC-1FCAE3C8C8BA}.Debug|Any CPU.ActiveCfg = Debug|Any CPU
		{6693BE87-EB52-491A-ADAC-1FCAE3C8C8BA}.Debug|Any CPU.Build.0 = Debug|Any CPU
		{6693BE87-EB52-491A-ADAC-1FCAE3C8C8BA}.Debug|x64.ActiveCfg = Debug|Any CPU
		{6693BE87-EB52-491A-ADAC-1FCAE3C8C8BA}.Debug|x64.Build.0 = Debug|Any CPU
		{6693BE87-EB52-491A-ADAC-1FCAE3C8C8BA}.Debug|x86.ActiveCfg = Debug|Any CPU
		{6693BE87-EB52-491A-ADAC-1FCAE3C8C8BA}.Debug|x86.Build.0 = Debug|Any CPU
		{6693BE87-EB52-491A-ADAC-1FCAE3C8C8BA}.Release|Any CPU.ActiveCfg = Release|Any CPU
		{6693BE87-EB52-491A-ADAC-1FCAE3C8C8BA}.Release|Any CPU.Build.0 = Release|Any CPU
		{6693BE87-EB52-491A-ADAC-1FCAE3C8C8BA}.Release|x64.ActiveCfg = Release|Any CPU
		{6693BE87-EB52-491A-ADAC-1FCAE3C8C8BA}.Release|x64.Build.0 = Release|Any CPU
		{6693BE87-EB52-491A-ADAC-1FCAE3C8C8BA}.Release|x86.ActiveCfg = Release|Any CPU
		{6693BE87-EB52-491A-ADAC-1FCAE3C8C8BA}.Release|x86.Build.0 = Release|Any CPU
		{1E3E1363-439C-4B35-BE82-64F694B9A30F}.Debug|Any CPU.ActiveCfg = Debug|Any CPU
		{1E3E1363-439C-4B35-BE82-64F694B9A30F}.Debug|Any CPU.Build.0 = Debug|Any CPU
		{1E3E1363-439C-4B35-BE82-64F694B9A30F}.Debug|x64.ActiveCfg = Debug|Any CPU
		{1E3E1363-439C-4B35-BE82-64F694B9A30F}.Debug|x64.Build.0 = Debug|Any CPU
		{1E3E1363-439C-4B35-BE82-64F694B9A30F}.Debug|x86.ActiveCfg = Debug|Any CPU
		{1E3E1363-439C-4B35-BE82-64F694B9A30F}.Debug|x86.Build.0 = Debug|Any CPU
		{1E3E1363-439C-4B35-BE82-64F694B9A30F}.Release|Any CPU.ActiveCfg = Release|Any CPU
		{1E3E1363-439C-4B35-BE82-64F694B9A30F}.Release|Any CPU.Build.0 = Release|Any CPU
		{1E3E1363-439C-4B35-BE82-64F694B9A30F}.Release|x64.ActiveCfg = Release|Any CPU
		{1E3E1363-439C-4B35-BE82-64F694B9A30F}.Release|x64.Build.0 = Release|Any CPU
		{1E3E1363-439C-4B35-BE82-64F694B9A30F}.Release|x86.ActiveCfg = Release|Any CPU
		{1E3E1363-439C-4B35-BE82-64F694B9A30F}.Release|x86.Build.0 = Release|Any CPU
		{F5B2FA2A-779F-41BA-A79E-C35A4183229B}.Debug|Any CPU.ActiveCfg = Debug|Any CPU
		{F5B2FA2A-779F-41BA-A79E-C35A4183229B}.Debug|Any CPU.Build.0 = Debug|Any CPU
		{F5B2FA2A-779F-41BA-A79E-C35A4183229B}.Debug|x64.ActiveCfg = Debug|Any CPU
		{F5B2FA2A-779F-41BA-A79E-C35A4183229B}.Debug|x64.Build.0 = Debug|Any CPU
		{F5B2FA2A-779F-41BA-A79E-C35A4183229B}.Debug|x86.ActiveCfg = Debug|Any CPU
		{F5B2FA2A-779F-41BA-A79E-C35A4183229B}.Debug|x86.Build.0 = Debug|Any CPU
		{F5B2FA2A-779F-41BA-A79E-C35A4183229B}.Release|Any CPU.ActiveCfg = Release|Any CPU
		{F5B2FA2A-779F-41BA-A79E-C35A4183229B}.Release|Any CPU.Build.0 = Release|Any CPU
		{F5B2FA2A-779F-41BA-A79E-C35A4183229B}.Release|x64.ActiveCfg = Release|Any CPU
		{F5B2FA2A-779F-41BA-A79E-C35A4183229B}.Release|x64.Build.0 = Release|Any CPU
		{F5B2FA2A-779F-41BA-A79E-C35A4183229B}.Release|x86.ActiveCfg = Release|Any CPU
		{F5B2FA2A-779F-41BA-A79E-C35A4183229B}.Release|x86.Build.0 = Release|Any CPU
		{CCA1863B-7D64-41E0-A899-E0880B4EE4ED}.Debug|Any CPU.ActiveCfg = Debug|Any CPU
		{CCA1863B-7D64-41E0-A899-E0880B4EE4ED}.Debug|Any CPU.Build.0 = Debug|Any CPU
		{CCA1863B-7D64-41E0-A899-E0880B4EE4ED}.Debug|x64.ActiveCfg = Debug|Any CPU
		{CCA1863B-7D64-41E0-A899-E0880B4EE4ED}.Debug|x64.Build.0 = Debug|Any CPU
		{CCA1863B-7D64-41E0-A899-E0880B4EE4ED}.Debug|x86.ActiveCfg = Debug|Any CPU
		{CCA1863B-7D64-41E0-A899-E0880B4EE4ED}.Debug|x86.Build.0 = Debug|Any CPU
		{CCA1863B-7D64-41E0-A899-E0880B4EE4ED}.Release|Any CPU.ActiveCfg = Release|Any CPU
		{CCA1863B-7D64-41E0-A899-E0880B4EE4ED}.Release|Any CPU.Build.0 = Release|Any CPU
		{CCA1863B-7D64-41E0-A899-E0880B4EE4ED}.Release|x64.ActiveCfg = Release|Any CPU
		{CCA1863B-7D64-41E0-A899-E0880B4EE4ED}.Release|x64.Build.0 = Release|Any CPU
		{CCA1863B-7D64-41E0-A899-E0880B4EE4ED}.Release|x86.ActiveCfg = Release|Any CPU
		{CCA1863B-7D64-41E0-A899-E0880B4EE4ED}.Release|x86.Build.0 = Release|Any CPU
	EndGlobalSection
	GlobalSection(SolutionProperties) = preSolution
		HideSolutionNode = FALSE
	EndGlobalSection
EndGlobal
